
Microsoft Visual Studio Solution File, Format Version 12.00
Project("{FAE04EC0-301F-11D3-BF4B-00C04F79EFBC}") = "TPO_2", "TPO_2\TPO_2.csproj", "{C8AE76ED-0E33-4280-B8CB-8377C74773F1}"
EndProject
Project("{FAE04EC0-301F-11D3-BF4B-00C04F79EFBC}") = "TPO_2_TESTS", "TPO_2_TESTS\TPO_2_TESTS.csproj", "{78F061E6-14EC-4606-92C9-F84C2410B833}"
EndProject
Global
	GlobalSection(SolutionConfigurationPlatforms) = preSolution
		Debug|Any CPU = Debug|Any CPU
		Release|Any CPU = Release|Any CPU
	EndGlobalSection
	GlobalSection(ProjectConfigurationPlatforms) = postSolution
		{C8AE76ED-0E33-4280-B8CB-8377C74773F1}.Debug|Any CPU.ActiveCfg = Debug|Any CPU
		{C8AE76ED-0E33-4280-B8CB-8377C74773F1}.Debug|Any CPU.Build.0 = Debug|Any CPU
		{C8AE76ED-0E33-4280-B8CB-8377C74773F1}.Release|Any CPU.ActiveCfg = Release|Any CPU
		{C8AE76ED-0E33-4280-B8CB-8377C74773F1}.Release|Any CPU.Build.0 = Release|Any CPU
		{78F061E6-14EC-4606-92C9-F84C2410B833}.Debug|Any CPU.ActiveCfg = Debug|Any CPU
		{78F061E6-14EC-4606-92C9-F84C2410B833}.Debug|Any CPU.Build.0 = Debug|Any CPU
		{78F061E6-14EC-4606-92C9-F84C2410B833}.Release|Any CPU.ActiveCfg = Release|Any CPU
		{78F061E6-14EC-4606-92C9-F84C2410B833}.Release|Any CPU.Build.0 = Release|Any CPU
	EndGlobalSection
EndGlobal
